
Microsoft Visual Studio Solution File, Format Version 12.00
# Visual Studio Version 17
VisualStudioVersion = 17.14.36401.2 d17.14
MinimumVisualStudioVersion = 10.0.40219.1
Project("{FAE04EC0-301F-11D3-BF4B-00C04F79EFBC}") = "Class03_Homework", "Class03_Homework\Class03_Homework.csproj", "{54ACB6EB-07D8-406D-8529-6DD6B45AD722}"
EndProject
Global
	GlobalSection(SolutionConfigurationPlatforms) = preSolution
		Debug|Any CPU = Debug|Any CPU
		Release|Any CPU = Release|Any CPU
	EndGlobalSection
	GlobalSection(ProjectConfigurationPlatforms) = postSolution
		{54ACB6EB-07D8-406D-8529-6DD6B45AD722}.Debug|Any CPU.ActiveCfg = Debug|Any CPU
		{54ACB6EB-07D8-406D-8529-6DD6B45AD722}.Debug|Any CPU.Build.0 = Debug|Any CPU
		{54ACB6EB-07D8-406D-8529-6DD6B45AD722}.Release|Any CPU.ActiveCfg = Release|Any CPU
		{54ACB6EB-07D8-406D-8529-6DD6B45AD722}.Release|Any CPU.Build.0 = Release|Any CPU
	EndGlobalSection
	GlobalSection(SolutionProperties) = preSolution
		HideSolutionNode = FALSE
	EndGlobalSection
	GlobalSection(ExtensibilityGlobals) = postSolution
		SolutionGuid = {541CED27-76C2-42B9-8BD5-BF5DE2B46CDE}
	EndGlobalSection
EndGlobal
